// !$*UTF8*$!
{
	archiveVersion = 1;
	classes = {
	};
	objectVersion = 48;
	objects = {

/* Begin PBXBuildFile section */
		1D06AD9C1F894A29008F51F5 /* PhotoCollection.xcdatamodeld in Sources */ = {isa = PBXBuildFile; fileRef = 1D06AD9A1F894A29008F51F5 /* PhotoCollection.xcdatamodeld */; };
		1D06AD9F1F894A7E008F51F5 /* PostEntity+CoreDataClass.swift in Sources */ = {isa = PBXBuildFile; fileRef = 1D06AD9D1F894A7E008F51F5 /* PostEntity+CoreDataClass.swift */; };
		1D06ADA01F894A7E008F51F5 /* PostEntity+CoreDataProperties.swift in Sources */ = {isa = PBXBuildFile; fileRef = 1D06AD9E1F894A7E008F51F5 /* PostEntity+CoreDataProperties.swift */; };
		1D06ADA21F894ABB008F51F5 /* CoreDataStack.swift in Sources */ = {isa = PBXBuildFile; fileRef = 1D06ADA11F894ABB008F51F5 /* CoreDataStack.swift */; };
		1D1AE2611F8807120087B0E7 /* LargeDetailViewController.swift in Sources */ = {isa = PBXBuildFile; fileRef = 1D1AE25F1F8807120087B0E7 /* LargeDetailViewController.swift */; };
		1D1AE2621F8807120087B0E7 /* LargeDetailViewController.xib in Resources */ = {isa = PBXBuildFile; fileRef = 1D1AE2601F8807120087B0E7 /* LargeDetailViewController.xib */; };
		1D9D4A771F87006500F7F8C4 /* Album.swift in Sources */ = {isa = PBXBuildFile; fileRef = 1D9D4A761F87006400F7F8C4 /* Album.swift */; };
		1D9D4A791F87009D00F7F8C4 /* Photo.swift in Sources */ = {isa = PBXBuildFile; fileRef = 1D9D4A781F87009D00F7F8C4 /* Photo.swift */; };
		1DAF37C81F8717B20080268C /* UIImage+Networking.swift in Sources */ = {isa = PBXBuildFile; fileRef = 1DAF37C71F8717B20080268C /* UIImage+Networking.swift */; };
		1DAF37CA1F8717ED0080268C /* ImageCache.swift in Sources */ = {isa = PBXBuildFile; fileRef = 1DAF37C91F8717ED0080268C /* ImageCache.swift */; };
		1DEE25CC1F8560CA0043EE56 /* AppDelegate.swift in Sources */ = {isa = PBXBuildFile; fileRef = 1DEE25CB1F8560CA0043EE56 /* AppDelegate.swift */; };
		1DEE25CE1F8560CA0043EE56 /* MasterViewController.swift in Sources */ = {isa = PBXBuildFile; fileRef = 1DEE25CD1F8560CA0043EE56 /* MasterViewController.swift */; };
		1DEE25D01F8560CA0043EE56 /* DetailViewController.swift in Sources */ = {isa = PBXBuildFile; fileRef = 1DEE25CF1F8560CA0043EE56 /* DetailViewController.swift */; };
		1DEE25D31F8560CA0043EE56 /* Main.storyboard in Resources */ = {isa = PBXBuildFile; fileRef = 1DEE25D11F8560CA0043EE56 /* Main.storyboard */; };
		1DEE25D51F8560CA0043EE56 /* Assets.xcassets in Resources */ = {isa = PBXBuildFile; fileRef = 1DEE25D41F8560CA0043EE56 /* Assets.xcassets */; };
		1DEE25D81F8560CA0043EE56 /* LaunchScreen.storyboard in Resources */ = {isa = PBXBuildFile; fileRef = 1DEE25D61F8560CA0043EE56 /* LaunchScreen.storyboard */; };
		1DEE25E11F8562A40043EE56 /* NetworkingManager.swift in Sources */ = {isa = PBXBuildFile; fileRef = 1DEE25E01F8562A40043EE56 /* NetworkingManager.swift */; };
		1DEE25E41F85672B0043EE56 /* Post.swift in Sources */ = {isa = PBXBuildFile; fileRef = 1DEE25E31F85672B0043EE56 /* Post.swift */; };
		1DEE25E61F8596500043EE56 /* User.swift in Sources */ = {isa = PBXBuildFile; fileRef = 1DEE25E51F8596500043EE56 /* User.swift */; };
/* End PBXBuildFile section */

/* Begin PBXFileReference section */
		1D06AD9B1F894A29008F51F5 /* PhotoCollection.xcdatamodel */ = {isa = PBXFileReference; lastKnownFileType = wrapper.xcdatamodel; path = PhotoCollection.xcdatamodel; sourceTree = "<group>"; };
		1D06AD9D1F894A7E008F51F5 /* PostEntity+CoreDataClass.swift */ = {isa = PBXFileReference; lastKnownFileType = sourcecode.swift; path = "PostEntity+CoreDataClass.swift"; sourceTree = "<group>"; };
		1D06AD9E1F894A7E008F51F5 /* PostEntity+CoreDataProperties.swift */ = {isa = PBXFileReference; lastKnownFileType = sourcecode.swift; path = "PostEntity+CoreDataProperties.swift"; sourceTree = "<group>"; };
		1D06ADA11F894ABB008F51F5 /* CoreDataStack.swift */ = {isa = PBXFileReference; lastKnownFileType = sourcecode.swift; path = CoreDataStack.swift; sourceTree = "<group>"; };
		1D1AE25F1F8807120087B0E7 /* LargeDetailViewController.swift */ = {isa = PBXFileReference; lastKnownFileType = sourcecode.swift; path = LargeDetailViewController.swift; sourceTree = "<group>"; };
		1D1AE2601F8807120087B0E7 /* LargeDetailViewController.xib */ = {isa = PBXFileReference; lastKnownFileType = file.xib; path = LargeDetailViewController.xib; sourceTree = "<group>"; };
		1D1AE2651F88198F0087B0E7 /* defaultThumbnail.png */ = {isa = PBXFileReference; lastKnownFileType = image.png; path = defaultThumbnail.png; sourceTree = "<group>"; };
		1D9D4A761F87006400F7F8C4 /* Album.swift */ = {isa = PBXFileReference; lastKnownFileType = sourcecode.swift; path = Album.swift; sourceTree = "<group>"; };
		1D9D4A781F87009D00F7F8C4 /* Photo.swift */ = {isa = PBXFileReference; lastKnownFileType = sourcecode.swift; path = Photo.swift; sourceTree = "<group>"; };
		1DAF37C71F8717B20080268C /* UIImage+Networking.swift */ = {isa = PBXFileReference; lastKnownFileType = sourcecode.swift; path = "UIImage+Networking.swift"; sourceTree = "<group>"; };
		1DAF37C91F8717ED0080268C /* ImageCache.swift */ = {isa = PBXFileReference; lastKnownFileType = sourcecode.swift; path = ImageCache.swift; sourceTree = "<group>"; };
		1DEE25C81F8560CA0043EE56 /* PhotoCollection.app */ = {isa = PBXFileReference; explicitFileType = wrapper.application; includeInIndex = 0; path = PhotoCollection.app; sourceTree = BUILT_PRODUCTS_DIR; };
		1DEE25CB1F8560CA0043EE56 /* AppDelegate.swift */ = {isa = PBXFileReference; lastKnownFileType = sourcecode.swift; path = AppDelegate.swift; sourceTree = "<group>"; };
		1DEE25CD1F8560CA0043EE56 /* MasterViewController.swift */ = {isa = PBXFileReference; lastKnownFileType = sourcecode.swift; path = MasterViewController.swift; sourceTree = "<group>"; };
		1DEE25CF1F8560CA0043EE56 /* DetailViewController.swift */ = {isa = PBXFileReference; lastKnownFileType = sourcecode.swift; path = DetailViewController.swift; sourceTree = "<group>"; };
		1DEE25D21F8560CA0043EE56 /* Base */ = {isa = PBXFileReference; lastKnownFileType = file.storyboard; name = Base; path = Base.lproj/Main.storyboard; sourceTree = "<group>"; };
		1DEE25D41F8560CA0043EE56 /* Assets.xcassets */ = {isa = PBXFileReference; lastKnownFileType = folder.assetcatalog; path = Assets.xcassets; sourceTree = "<group>"; };
		1DEE25D71F8560CA0043EE56 /* Base */ = {isa = PBXFileReference; lastKnownFileType = file.storyboard; name = Base; path = Base.lproj/LaunchScreen.storyboard; sourceTree = "<group>"; };
		1DEE25D91F8560CA0043EE56 /* Info.plist */ = {isa = PBXFileReference; lastKnownFileType = text.plist.xml; path = Info.plist; sourceTree = "<group>"; };
		1DEE25E01F8562A40043EE56 /* NetworkingManager.swift */ = {isa = PBXFileReference; lastKnownFileType = sourcecode.swift; path = NetworkingManager.swift; sourceTree = "<group>"; };
		1DEE25E31F85672B0043EE56 /* Post.swift */ = {isa = PBXFileReference; lastKnownFileType = sourcecode.swift; path = Post.swift; sourceTree = "<group>"; };
		1DEE25E51F8596500043EE56 /* User.swift */ = {isa = PBXFileReference; lastKnownFileType = sourcecode.swift; path = User.swift; sourceTree = "<group>"; };
/* End PBXFileReference section */

/* Begin PBXFrameworksBuildPhase section */
		1DEE25C51F8560CA0043EE56 /* Frameworks */ = {
			isa = PBXFrameworksBuildPhase;
			buildActionMask = 2147483647;
			files = (
			);
			runOnlyForDeploymentPostprocessing = 0;
		};
/* End PBXFrameworksBuildPhase section */

/* Begin PBXGroup section */
		1D06AD991F894A01008F51F5 /* CoreData */ = {
			isa = PBXGroup;
			children = (
				1D06ADA31F896431008F51F5 /* DataModels */,
				1D06AD9A1F894A29008F51F5 /* PhotoCollection.xcdatamodeld */,
				1D06ADA11F894ABB008F51F5 /* CoreDataStack.swift */,
			);
			path = CoreData;
			sourceTree = "<group>";
		};
		1D06ADA31F896431008F51F5 /* DataModels */ = {
			isa = PBXGroup;
			children = (
				1D06AD9D1F894A7E008F51F5 /* PostEntity+CoreDataClass.swift */,
				1D06AD9E1F894A7E008F51F5 /* PostEntity+CoreDataProperties.swift */,
			);
			path = DataModels;
			sourceTree = "<group>";
		};
		1D1AE2631F8819050087B0E7 /* UI */ = {
			isa = PBXGroup;
			children = (
				1DEE25CD1F8560CA0043EE56 /* MasterViewController.swift */,
				1DEE25CF1F8560CA0043EE56 /* DetailViewController.swift */,
				1DEE25D11F8560CA0043EE56 /* Main.storyboard */,
				1D1AE25F1F8807120087B0E7 /* LargeDetailViewController.swift */,
				1D1AE2601F8807120087B0E7 /* LargeDetailViewController.xib */,
			);
			path = UI;
			sourceTree = "<group>";
		};
		1D1AE2641F8819830087B0E7 /* Resources */ = {
			isa = PBXGroup;
			children = (
				1D1AE2651F88198F0087B0E7 /* defaultThumbnail.png */,
			);
			path = Resources;
			sourceTree = "<group>";
		};
		1DEE25BF1F8560CA0043EE56 = {
			isa = PBXGroup;
			children = (
				1DEE25CA1F8560CA0043EE56 /* PhotoCollection */,
				1DEE25C91F8560CA0043EE56 /* Products */,
			);
			sourceTree = "<group>";
		};
		1DEE25C91F8560CA0043EE56 /* Products */ = {
			isa = PBXGroup;
			children = (
				1DEE25C81F8560CA0043EE56 /* PhotoCollection.app */,
			);
			name = Products;
			sourceTree = "<group>";
		};
		1DEE25CA1F8560CA0043EE56 /* PhotoCollection */ = {
			isa = PBXGroup;
			children = (
				1D1AE2641F8819830087B0E7 /* Resources */,
				1D1AE2631F8819050087B0E7 /* UI */,
				1DEE25E21F8567090043EE56 /* Models */,
				1DEE25DF1F8561C90043EE56 /* Networking */,
				1D06AD991F894A01008F51F5 /* CoreData */,
				1DEE25CB1F8560CA0043EE56 /* AppDelegate.swift */,
				1DEE25D41F8560CA0043EE56 /* Assets.xcassets */,
				1DEE25D61F8560CA0043EE56 /* LaunchScreen.storyboard */,
				1DEE25D91F8560CA0043EE56 /* Info.plist */,
			);
			path = PhotoCollection;
			sourceTree = "<group>";
		};
		1DEE25DF1F8561C90043EE56 /* Networking */ = {
			isa = PBXGroup;
			children = (
				1DEE25E01F8562A40043EE56 /* NetworkingManager.swift */,
				1DAF37C71F8717B20080268C /* UIImage+Networking.swift */,
				1DAF37C91F8717ED0080268C /* ImageCache.swift */,
			);
			path = Networking;
			sourceTree = "<group>";
		};
		1DEE25E21F8567090043EE56 /* Models */ = {
			isa = PBXGroup;
			children = (
				1DEE25E31F85672B0043EE56 /* Post.swift */,
				1DEE25E51F8596500043EE56 /* User.swift */,
				1D9D4A761F87006400F7F8C4 /* Album.swift */,
				1D9D4A781F87009D00F7F8C4 /* Photo.swift */,
			);
			path = Models;
			sourceTree = "<group>";
		};
/* End PBXGroup section */

/* Begin PBXNativeTarget section */
		1DEE25C71F8560CA0043EE56 /* PhotoCollection */ = {
			isa = PBXNativeTarget;
			buildConfigurationList = 1DEE25DC1F8560CA0043EE56 /* Build configuration list for PBXNativeTarget "PhotoCollection" */;
			buildPhases = (
				1DEE25C41F8560CA0043EE56 /* Sources */,
				1DEE25C51F8560CA0043EE56 /* Frameworks */,
				1DEE25C61F8560CA0043EE56 /* Resources */,
			);
			buildRules = (
			);
			dependencies = (
			);
			name = PhotoCollection;
			productName = PhotoCollection;
			productReference = 1DEE25C81F8560CA0043EE56 /* PhotoCollection.app */;
			productType = "com.apple.product-type.application";
		};
/* End PBXNativeTarget section */

/* Begin PBXProject section */
		1DEE25C01F8560CA0043EE56 /* Project object */ = {
			isa = PBXProject;
			attributes = {
				LastSwiftUpdateCheck = 0900;
				LastUpgradeCheck = 0900;
				ORGANIZATIONNAME = "Michael Jester";
				TargetAttributes = {
					1DEE25C71F8560CA0043EE56 = {
						CreatedOnToolsVersion = 9.0;
						ProvisioningStyle = Automatic;
					};
				};
			};
			buildConfigurationList = 1DEE25C31F8560CA0043EE56 /* Build configuration list for PBXProject "PhotoCollection" */;
			compatibilityVersion = "Xcode 8.0";
			developmentRegion = en;
			hasScannedForEncodings = 0;
			knownRegions = (
				en,
				Base,
			);
			mainGroup = 1DEE25BF1F8560CA0043EE56;
			productRefGroup = 1DEE25C91F8560CA0043EE56 /* Products */;
			projectDirPath = "";
			projectRoot = "";
			targets = (
				1DEE25C71F8560CA0043EE56 /* PhotoCollection */,
			);
		};
/* End PBXProject section */

/* Begin PBXResourcesBuildPhase section */
		1DEE25C61F8560CA0043EE56 /* Resources */ = {
			isa = PBXResourcesBuildPhase;
			buildActionMask = 2147483647;
			files = (
				1DEE25D81F8560CA0043EE56 /* LaunchScreen.storyboard in Resources */,
				1DEE25D51F8560CA0043EE56 /* Assets.xcassets in Resources */,
				1DEE25D31F8560CA0043EE56 /* Main.storyboard in Resources */,
				1D1AE2621F8807120087B0E7 /* LargeDetailViewController.xib in Resources */,
			);
			runOnlyForDeploymentPostprocessing = 0;
		};
/* End PBXResourcesBuildPhase section */

/* Begin PBXSourcesBuildPhase section */
		1DEE25C41F8560CA0043EE56 /* Sources */ = {
			isa = PBXSourcesBuildPhase;
			buildActionMask = 2147483647;
			files = (
				1D06ADA21F894ABB008F51F5 /* CoreDataStack.swift in Sources */,
				1D06ADA01F894A7E008F51F5 /* PostEntity+CoreDataProperties.swift in Sources */,
				1D06AD9F1F894A7E008F51F5 /* PostEntity+CoreDataClass.swift in Sources */,
				1DAF37CA1F8717ED0080268C /* ImageCache.swift in Sources */,
				1D9D4A791F87009D00F7F8C4 /* Photo.swift in Sources */,
				1D06AD9C1F894A29008F51F5 /* PhotoCollection.xcdatamodeld in Sources */,
				1DEE25D01F8560CA0043EE56 /* DetailViewController.swift in Sources */,
				1DEE25E11F8562A40043EE56 /* NetworkingManager.swift in Sources */,
				1DEE25E61F8596500043EE56 /* User.swift in Sources */,
				1DEE25CE1F8560CA0043EE56 /* MasterViewController.swift in Sources */,
				1DEE25CC1F8560CA0043EE56 /* AppDelegate.swift in Sources */,
				1D1AE2611F8807120087B0E7 /* LargeDetailViewController.swift in Sources */,
				1DAF37C81F8717B20080268C /* UIImage+Networking.swift in Sources */,
				1D9D4A771F87006500F7F8C4 /* Album.swift in Sources */,
				1DEE25E41F85672B0043EE56 /* Post.swift in Sources */,
			);
			runOnlyForDeploymentPostprocessing = 0;
		};
/* End PBXSourcesBuildPhase section */

/* Begin PBXVariantGroup section */
		1DEE25D11F8560CA0043EE56 /* Main.storyboard */ = {
			isa = PBXVariantGroup;
			children = (
				1DEE25D21F8560CA0043EE56 /* Base */,
			);
			name = Main.storyboard;
			sourceTree = "<group>";
		};
		1DEE25D61F8560CA0043EE56 /* LaunchScreen.storyboard */ = {
			isa = PBXVariantGroup;
			children = (
				1DEE25D71F8560CA0043EE56 /* Base */,
			);
			name = LaunchScreen.storyboard;
			sourceTree = "<group>";
		};
/* End PBXVariantGroup section */

/* Begin XCBuildConfiguration section */
		1DEE25DA1F8560CA0043EE56 /* Debug */ = {
			isa = XCBuildConfiguration;
			buildSettings = {
				ALWAYS_SEARCH_USER_PATHS = NO;
				CLANG_ANALYZER_NONNULL = YES;
				CLANG_ANALYZER_NUMBER_OBJECT_CONVERSION = YES_AGGRESSIVE;
				CLANG_CXX_LANGUAGE_STANDARD = "gnu++14";
				CLANG_CXX_LIBRARY = "libc++";
				CLANG_ENABLE_MODULES = YES;
				CLANG_ENABLE_OBJC_ARC = YES;
				CLANG_WARN_BLOCK_CAPTURE_AUTORELEASING = YES;
				CLANG_WARN_BOOL_CONVERSION = YES;
				CLANG_WARN_COMMA = YES;
				CLANG_WARN_CONSTANT_CONVERSION = YES;
				CLANG_WARN_DIRECT_OBJC_ISA_USAGE = YES_ERROR;
				CLANG_WARN_DOCUMENTATION_COMMENTS = YES;
				CLANG_WARN_EMPTY_BODY = YES;
				CLANG_WARN_ENUM_CONVERSION = YES;
				CLANG_WARN_INFINITE_RECURSION = YES;
				CLANG_WARN_INT_CONVERSION = YES;
				CLANG_WARN_NON_LITERAL_NULL_CONVERSION = YES;
				CLANG_WARN_OBJC_LITERAL_CONVERSION = YES;
				CLANG_WARN_OBJC_ROOT_CLASS = YES_ERROR;
				CLANG_WARN_RANGE_LOOP_ANALYSIS = YES;
				CLANG_WARN_STRICT_PROTOTYPES = YES;
				CLANG_WARN_SUSPICIOUS_MOVE = YES;
				CLANG_WARN_UNGUARDED_AVAILABILITY = YES_AGGRESSIVE;
				CLANG_WARN_UNREACHABLE_CODE = YES;
				CLANG_WARN__DUPLICATE_METHOD_MATCH = YES;
				CODE_SIGN_IDENTITY = "iPhone Developer";
				COPY_PHASE_STRIP = NO;
				DEBUG_INFORMATION_FORMAT = dwarf;
				ENABLE_STRICT_OBJC_MSGSEND = YES;
				ENABLE_TESTABILITY = YES;
				GCC_C_LANGUAGE_STANDARD = gnu11;
				GCC_DYNAMIC_NO_PIC = NO;
				GCC_NO_COMMON_BLOCKS = YES;
				GCC_OPTIMIZATION_LEVEL = 0;
				GCC_PREPROCESSOR_DEFINITIONS = (
					"DEBUG=1",
					"$(inherited)",
				);
				GCC_WARN_64_TO_32_BIT_CONVERSION = YES;
				GCC_WARN_ABOUT_RETURN_TYPE = YES_ERROR;
				GCC_WARN_UNDECLARED_SELECTOR = YES;
				GCC_WARN_UNINITIALIZED_AUTOS = YES_AGGRESSIVE;
				GCC_WARN_UNUSED_FUNCTION = YES;
				GCC_WARN_UNUSED_VARIABLE = YES;
				IPHONEOS_DEPLOYMENT_TARGET = 11.0;
				MTL_ENABLE_DEBUG_INFO = YES;
				ONLY_ACTIVE_ARCH = YES;
				SDKROOT = iphoneos;
				SWIFT_ACTIVE_COMPILATION_CONDITIONS = DEBUG;
				SWIFT_OPTIMIZATION_LEVEL = "-Onone";
			};
			name = Debug;
		};
		1DEE25DB1F8560CA0043EE56 /* Release */ = {
			isa = XCBuildConfiguration;
			buildSettings = {
				ALWAYS_SEARCH_USER_PATHS = NO;
				CLANG_ANALYZER_NONNULL = YES;
				CLANG_ANALYZER_NUMBER_OBJECT_CONVERSION = YES_AGGRESSIVE;
				CLANG_CXX_LANGUAGE_STANDARD = "gnu++14";
				CLANG_CXX_LIBRARY = "libc++";
				CLANG_ENABLE_MODULES = YES;
				CLANG_ENABLE_OBJC_ARC = YES;
				CLANG_WARN_BLOCK_CAPTURE_AUTORELEASING = YES;
				CLANG_WARN_BOOL_CONVERSION = YES;
				CLANG_WARN_COMMA = YES;
				CLANG_WARN_CONSTANT_CONVERSION = YES;
				CLANG_WARN_DIRECT_OBJC_ISA_USAGE = YES_ERROR;
				CLANG_WARN_DOCUMENTATION_COMMENTS = YES;
				CLANG_WARN_EMPTY_BODY = YES;
				CLANG_WARN_ENUM_CONVERSION = YES;
				CLANG_WARN_INFINITE_RECURSION = YES;
				CLANG_WARN_INT_CONVERSION = YES;
				CLANG_WARN_NON_LITERAL_NULL_CONVERSION = YES;
				CLANG_WARN_OBJC_LITERAL_CONVERSION = YES;
				CLANG_WARN_OBJC_ROOT_CLASS = YES_ERROR;
				CLANG_WARN_RANGE_LOOP_ANALYSIS = YES;
				CLANG_WARN_STRICT_PROTOTYPES = YES;
				CLANG_WARN_SUSPICIOUS_MOVE = YES;
				CLANG_WARN_UNGUARDED_AVAILABILITY = YES_AGGRESSIVE;
				CLANG_WARN_UNREACHABLE_CODE = YES;
				CLANG_WARN__DUPLICATE_METHOD_MATCH = YES;
				CODE_SIGN_IDENTITY = "iPhone Developer";
				COPY_PHASE_STRIP = NO;
				DEBUG_INFORMATION_FORMAT = "dwarf-with-dsym";
				ENABLE_NS_ASSERTIONS = NO;
				ENABLE_STRICT_OBJC_MSGSEND = YES;
				GCC_C_LANGUAGE_STANDARD = gnu11;
				GCC_NO_COMMON_BLOCKS = YES;
				GCC_WARN_64_TO_32_BIT_CONVERSION = YES;
				GCC_WARN_ABOUT_RETURN_TYPE = YES_ERROR;
				GCC_WARN_UNDECLARED_SELECTOR = YES;
				GCC_WARN_UNINITIALIZED_AUTOS = YES_AGGRESSIVE;
				GCC_WARN_UNUSED_FUNCTION = YES;
				GCC_WARN_UNUSED_VARIABLE = YES;
				IPHONEOS_DEPLOYMENT_TARGET = 11.0;
				MTL_ENABLE_DEBUG_INFO = NO;
				SDKROOT = iphoneos;
				SWIFT_OPTIMIZATION_LEVEL = "-Owholemodule";
				VALIDATE_PRODUCT = YES;
			};
			name = Release;
		};
		1DEE25DD1F8560CA0043EE56 /* Debug */ = {
			isa = XCBuildConfiguration;
			buildSettings = {
				ASSETCATALOG_COMPILER_APPICON_NAME = AppIcon;
				CODE_SIGN_STYLE = Automatic;
				DEVELOPMENT_TEAM = CABD2QRC7A;
				INFOPLIST_FILE = PhotoCollection/Info.plist;
				LD_RUNPATH_SEARCH_PATHS = "$(inherited) @executable_path/Frameworks";
				PRODUCT_BUNDLE_IDENTIFIER = com.michaelsmobileapps.PhotoCollection;
				PRODUCT_NAME = "$(TARGET_NAME)";
				SWIFT_VERSION = 4.0;
				TARGETED_DEVICE_FAMILY = 2;
			};
			name = Debug;
		};
		1DEE25DE1F8560CA0043EE56 /* Release */ = {
			isa = XCBuildConfiguration;
			buildSettings = {
				ASSETCATALOG_COMPILER_APPICON_NAME = AppIcon;
				CODE_SIGN_STYLE = Automatic;
				DEVELOPMENT_TEAM = CABD2QRC7A;
				INFOPLIST_FILE = PhotoCollection/Info.plist;
				LD_RUNPATH_SEARCH_PATHS = "$(inherited) @executable_path/Frameworks";
				PRODUCT_BUNDLE_IDENTIFIER = com.michaelsmobileapps.PhotoCollection;
				PRODUCT_NAME = "$(TARGET_NAME)";
				SWIFT_VERSION = 4.0;
				TARGETED_DEVICE_FAMILY = 2;
			};
			name = Release;
		};
/* End XCBuildConfiguration section */

/* Begin XCConfigurationList section */
		1DEE25C31F8560CA0043EE56 /* Build configuration list for PBXProject "PhotoCollection" */ = {
			isa = XCConfigurationList;
			buildConfigurations = (
				1DEE25DA1F8560CA0043EE56 /* Debug */,
				1DEE25DB1F8560CA0043EE56 /* Release */,
			);
			defaultConfigurationIsVisible = 0;
			defaultConfigurationName = Release;
		};
		1DEE25DC1F8560CA0043EE56 /* Build configuration list for PBXNativeTarget "PhotoCollection" */ = {
			isa = XCConfigurationList;
			buildConfigurations = (
				1DEE25DD1F8560CA0043EE56 /* Debug */,
				1DEE25DE1F8560CA0043EE56 /* Release */,
			);
			defaultConfigurationIsVisible = 0;
			defaultConfigurationName = Release;
		};
/* End XCConfigurationList section */

/* Begin XCVersionGroup section */
		1D06AD9A1F894A29008F51F5 /* PhotoCollection.xcdatamodeld */ = {
			isa = XCVersionGroup;
			children = (
				1D06AD9B1F894A29008F51F5 /* PhotoCollection.xcdatamodel */,
			);
			currentVersion = 1D06AD9B1F894A29008F51F5 /* PhotoCollection.xcdatamodel */;
			path = PhotoCollection.xcdatamodeld;
			sourceTree = "<group>";
			versionGroupType = wrapper.xcdatamodel;
		};
/* End XCVersionGroup section */
	};
	rootObject = 1DEE25C01F8560CA0043EE56 /* Project object */;
}
